
Microsoft Visual Studio Solution File, Format Version 12.00
# Visual Studio Version 16
VisualStudioVersion = 16.0.29926.136
MinimumVisualStudioVersion = 10.0.40219.1
Project("{FAE04EC0-301F-11D3-BF4B-00C04F79EFBC}") = "HomeworkApp1", "HomeworkApp1\HomeworkApp1.csproj", "{028221A1-D6D5-4B99-BB9C-EABCA210DFC0}"
EndProject
Global
	GlobalSection(SolutionConfigurationPlatforms) = preSolution
		Debug|Any CPU = Debug|Any CPU
		Release|Any CPU = Release|Any CPU
	EndGlobalSection
	GlobalSection(ProjectConfigurationPlatforms) = postSolution
		{028221A1-D6D5-4B99-BB9C-EABCA210DFC0}.Debug|Any CPU.ActiveCfg = Debug|Any CPU
		{028221A1-D6D5-4B99-BB9C-EABCA210DFC0}.Debug|Any CPU.Build.0 = Debug|Any CPU
		{028221A1-D6D5-4B99-BB9C-EABCA210DFC0}.Release|Any CPU.ActiveCfg = Release|Any CPU
		{028221A1-D6D5-4B99-BB9C-EABCA210DFC0}.Release|Any CPU.Build.0 = Release|Any CPU
	EndGlobalSection
	GlobalSection(SolutionProperties) = preSolution
		HideSolutionNode = FALSE
	EndGlobalSection
	GlobalSection(ExtensibilityGlobals) = postSolution
		SolutionGuid = {2E04B144-5F8E-4A63-85DD-8600C8060D7D}
	EndGlobalSection
EndGlobal
